{
  "version": 4,
  "terraform_version": "1.3.8",
  "serial": 12,
  "lineage": "4e4c09a9-5773-fc73-42c4-5039144a8b44",
  "outputs": {
    "kubernetes_endpoint": {
      "value": "34.68.208.120",
      "type": "string"
    },
    "nginx_external_ip": {
      "value": "34.132.200.93",
      "type": "string"
    }
  },
  "resources": [
    {
      "mode": "data",
      "type": "google_container_cluster",
      "name": "cluster",
      "provider": "provider[\"registry.terraform.io/hashicorp/google\"]",
      "instances": [
        {
          "schema_version": 0,
          "attributes": {
            "addons_config": [
              {
                "cloudrun_config": [],
                "config_connector_config": [],
                "dns_cache_config": [
                  {
                    "enabled": false
                  }
                ],
                "gce_persistent_disk_csi_driver_config": [
                  {
                    "enabled": true
                  }
                ],
                "gcp_filestore_csi_driver_config": [],
                "gke_backup_agent_config": [],
                "horizontal_pod_autoscaling": [
                  {
                    "disabled": false
                  }
                ],
                "http_load_balancing": [
                  {
                    "disabled": false
                  }
                ],
                "network_policy_config": [
                  {
                    "disabled": true
                  }
                ]
              }
            ],
            "authenticator_groups_config": [
              {
                "security_group": ""
              }
            ],
            "binary_authorization": [
              {
                "enabled": false,
                "evaluation_mode": "DISABLED"
              }
            ],
            "cluster_autoscaling": [
              {
                "auto_provisioning_defaults": [],
                "enabled": false,
                "resource_limits": []
              }
            ],
            "cluster_ipv4_cidr": "10.64.0.0/14",
            "confidential_nodes": [],
            "cost_management_config": [],
            "database_encryption": [
              {
                "key_name": "",
                "state": "DECRYPTED"
              }
            ],
            "datapath_provider": "LEGACY_DATAPATH",
            "default_max_pods_per_node": 110,
            "default_snat_status": [
              {
                "disabled": false
              }
            ],
            "description": "",
            "dns_config": [],
            "enable_autopilot": false,
            "enable_binary_authorization": false,
            "enable_intranode_visibility": false,
            "enable_kubernetes_alpha": false,
            "enable_l4_ilb_subsetting": false,
            "enable_legacy_abac": false,
            "enable_shielded_nodes": true,
            "enable_tpu": false,
            "endpoint": "34.68.208.120",
            "gateway_api_config": [],
            "id": "projects/i4t-task-by-chathushka-rodrigo/locations/us-central1-c/clusters/i4t-cluster",
            "initial_node_count": 0,
            "ip_allocation_policy": [
              {
                "cluster_ipv4_cidr_block": "10.64.0.0/14",
                "cluster_secondary_range_name": "gke-i4t-cluster-pods-181e2350",
                "services_ipv4_cidr_block": "10.68.0.0/20",
                "services_secondary_range_name": "gke-i4t-cluster-services-181e2350"
              }
            ],
            "label_fingerprint": "a9dc16a7",
            "location": "us-central1-c",
            "logging_config": [
              {
                "enable_components": [
                  "SYSTEM_COMPONENTS",
                  "WORKLOADS"
                ]
              }
            ],
            "logging_service": "logging.googleapis.com/kubernetes",
            "maintenance_policy": [],
            "master_auth": [
              {
                "client_certificate": "",
                "client_certificate_config": [
                  {
                    "issue_client_certificate": false
                  }
                ],
                "client_key": "",
                "cluster_ca_certificate": "LS0tLS1CRUdJTiBDRVJUSUZJQ0FURS0tLS0tCk1JSUVMRENDQXBTZ0F3SUJBZ0lRYXNYTGhwSEw5RkZ1c0FObms1UXo3akFOQmdrcWhraUc5dzBCQVFzRkFEQXYKTVMwd0t3WURWUVFERXlRd09HRTBOR1JsTkMxa1ltTTBMVFEwWm1NdE9HSmxOUzFoTmpoaVkyUTBORFF5Tm1VdwpJQmNOTWpNd016STRNRE16T0RRd1doZ1BNakExTXpBek1qQXdORE00TkRCYU1DOHhMVEFyQmdOVkJBTVRKREE0CllUUTBaR1UwTFdSaVl6UXRORFJtWXkwNFltVTFMV0UyT0dKalpEUTBOREkyWlRDQ0FhSXdEUVlKS29aSWh2Y04KQVFFQkJRQURnZ0dQQURDQ0FZb0NnZ0dCQU1VckphT0R1REd3SmdGN1JVMzI5ejFiaWRVKzJ0RjhqVDFYK0Nqcgo5VEcrTFY3RG4rMzNNSkRNL1JKdkd2eTVIQVVPcVNCYlRud25HNHVnTkZNT3ZmWjFOZHlwMnNBcDMxdGFBUXkvCk9Ud3Y2cWp2cXRsMVl5TVh1dFh0blpmeEdId0RUUTZoU0ozVEdweTdWZk1oVlJZcjV5YzFMYXpVOVB5YVF0NHIKZFlyVWFaUFNTdjJpZlloUjF4RHltaWdMU0RydHhFNFFyOFNJL0VDOURqTFNXVDk2RXNiYnMrRVJ0UWpLc2JuVgpDYmVsZlJCMUFZcElpNVp5MHdCeWNidWRIdXlzZDNvSVZKRVZabXQxeGxaOHh2VHNZMndaZUFSV2t0Umtsc1ZJCmcyYWd1Y1V0WFFYTkYwR0l0bHFrWEcvYlpBODdwSVRrc1RoRjR1VFRHMzdHTmU1Sy85N0NOU3RzT1l3ZjZDOG0KSHN3V25GVmF3aHcxVUhoaTJzcUlxR2tJMFQ1dDVHS0JaRE1nbXBmVGxnaUI5SmF4RGRPdkNLNVY2eTlIYnN1awpsRGhVblJWbG5XOEUvWlZON3RqQjRPYnVCUkZEdzlLYzVvOGUybXJBeFZ4aFpJYmpvOWR3TlZ0eHFsN1pOTnBHCmJjRGluSmlOUHhyWGZYMlF4OU53enJ3NVBRSURBUUFCbzBJd1FEQU9CZ05WSFE4QkFmOEVCQU1DQWdRd0R3WUQKVlIwVEFRSC9CQVV3QXdFQi96QWRCZ05WSFE0RUZnUVVSZC9HYlVJdW5LZ2ltMGxpVlJlQmRnTVBpRm93RFFZSgpLb1pJaHZjTkFRRUxCUUFEZ2dHQkFHQWc2ZC9Nb2dkM0QyVUNMWSs2TWRIR0RIa21Mb1FiWTMxMXNyZDZrM3FtCkRUQ0NiQlhzT3VXZjQxdE5IOWZUTFFLM3pLcXNYZUJIYzZmQ2NrOW5Mc2tta2ZIaFVyeTNTOWpYdFYvdlNFK3IKNWNxcFd6Ynp5aEsrL1JlTFZ2Y1J4ZjczZ1hiZ2RoSElGek1RRUY1VThCelBZL2V3VjZrTDcwVld6Rm9hM2JXdAp0VStCOUZwT2V2aTl0YU9yU1YzWmEzNWltZmIrNjZ0a0tPaVMyaFBZb29oSGYzUXhwWTJIN2R3emdncjlabzBCClhndk03bGwwRzMrWkNKbkkrSnhEWGhkeDRYTWRIYlR6L003b3c5aVBZVm9jUjA2a0d2b2FxWFpKSVBCT3psU2MKWFdyOE9DMjRKOTJ6OGtWeXR6M1lhQmlPeUxDNW9wWDZWaURLdDFtM2FTRVFQemZIa0RnM2o5dFpNZW9ZUDE4LwoxZ2Nsdk5qUnFmNlNoUnJxUDU4NXVneTNhbWdSYVZvRjBWNkZOcXhEMXY5eDdMdGlVVGNEUS85K2k1YmUrcVVECjEwYS9TdVc5N3pKZ0cvU0Q1bTN3VDQ5WUoxZjZmWDlHVHRIUTRsUVRJTVk3S3RqU1k2TXM0VVY2M2Q4Q2g4VE8KejlIWFdpOXJYTFpXbE93MEQ2UzU3UT09Ci0tLS0tRU5EIENFUlRJRklDQVRFLS0tLS0K"
              }
            ],
            "master_authorized_networks_config": [],
            "master_version": "1.24.9-gke.3200",
            "mesh_certificates": [],
            "min_master_version": null,
            "monitoring_config": [
              {
                "enable_components": [
                  "SYSTEM_COMPONENTS"
                ],
                "managed_prometheus": [
                  {
                    "enabled": false
                  }
                ]
              }
            ],
            "monitoring_service": "monitoring.googleapis.com/kubernetes",
            "name": "i4t-cluster",
            "network": "projects/i4t-task-by-chathushka-rodrigo/global/networks/default",
            "network_policy": [
              {
                "enabled": false,
                "provider": "PROVIDER_UNSPECIFIED"
              }
            ],
            "networking_mode": "VPC_NATIVE",
            "node_config": [
              {
                "boot_disk_kms_key": "",
                "disk_size_gb": 100,
                "disk_type": "pd-balanced",
                "gcfs_config": [],
                "guest_accelerator": [],
                "gvnic": [],
                "image_type": "COS_CONTAINERD",
                "kubelet_config": [],
                "labels": {},
                "linux_node_config": [],
                "local_nvme_ssd_block_config": [],
                "local_ssd_count": 0,
                "logging_variant": "DEFAULT",
                "machine_type": "e2-medium",
                "metadata": {
                  "disable-legacy-endpoints": "true"
                },
                "min_cpu_platform": "",
                "node_group": "",
                "oauth_scopes": [
                  "https://www.googleapis.com/auth/devstorage.read_only",
                  "https://www.googleapis.com/auth/logging.write",
                  "https://www.googleapis.com/auth/monitoring",
                  "https://www.googleapis.com/auth/service.management.readonly",
                  "https://www.googleapis.com/auth/servicecontrol",
                  "https://www.googleapis.com/auth/trace.append"
                ],
                "preemptible": false,
                "reservation_affinity": [],
                "resource_labels": {},
                "service_account": "default",
                "shielded_instance_config": [
                  {
                    "enable_integrity_monitoring": true,
                    "enable_secure_boot": false
                  }
                ],
                "spot": false,
                "tags": [],
                "taint": [],
                "workload_metadata_config": []
              }
            ],
            "node_locations": [],
            "node_pool": [
              {
                "autoscaling": [],
                "initial_node_count": 3,
                "instance_group_urls": [
                  "https://www.googleapis.com/compute/v1/projects/i4t-task-by-chathushka-rodrigo/zones/us-central1-c/instanceGroupManagers/gke-i4t-cluster-default-pool-a1633fdd-grp"
                ],
                "managed_instance_group_urls": [
                  "https://www.googleapis.com/compute/v1/projects/i4t-task-by-chathushka-rodrigo/zones/us-central1-c/instanceGroups/gke-i4t-cluster-default-pool-a1633fdd-grp"
                ],
                "management": [
                  {
                    "auto_repair": true,
                    "auto_upgrade": true
                  }
                ],
                "max_pods_per_node": 110,
                "name": "default-pool",
                "name_prefix": "",
                "network_config": [
                  {
                    "create_pod_range": false,
                    "enable_private_nodes": false,
                    "pod_ipv4_cidr_block": "10.64.0.0/14",
                    "pod_range": "gke-i4t-cluster-pods-181e2350"
                  }
                ],
                "node_config": [
                  {
                    "boot_disk_kms_key": "",
                    "disk_size_gb": 100,
                    "disk_type": "pd-balanced",
                    "gcfs_config": [],
                    "guest_accelerator": [],
                    "gvnic": [],
                    "image_type": "COS_CONTAINERD",
                    "kubelet_config": [],
                    "labels": {},
                    "linux_node_config": [],
                    "local_nvme_ssd_block_config": [],
                    "local_ssd_count": 0,
                    "logging_variant": "DEFAULT",
                    "machine_type": "e2-medium",
                    "metadata": {
                      "disable-legacy-endpoints": "true"
                    },
                    "min_cpu_platform": "",
                    "node_group": "",
                    "oauth_scopes": [
                      "https://www.googleapis.com/auth/devstorage.read_only",
                      "https://www.googleapis.com/auth/logging.write",
                      "https://www.googleapis.com/auth/monitoring",
                      "https://www.googleapis.com/auth/service.management.readonly",
                      "https://www.googleapis.com/auth/servicecontrol",
                      "https://www.googleapis.com/auth/trace.append"
                    ],
                    "preemptible": false,
                    "reservation_affinity": [],
                    "resource_labels": {},
                    "service_account": "default",
                    "shielded_instance_config": [
                      {
                        "enable_integrity_monitoring": true,
                        "enable_secure_boot": false
                      }
                    ],
                    "spot": false,
                    "tags": [],
                    "taint": [],
                    "workload_metadata_config": []
                  }
                ],
                "node_count": 3,
                "node_locations": [
                  "us-central1-c"
                ],
                "placement_policy": [],
                "upgrade_settings": [
                  {
                    "blue_green_settings": [],
                    "max_surge": 1,
                    "max_unavailable": 0,
                    "strategy": "SURGE"
                  }
                ],
                "version": "1.24.9-gke.3200"
              }
            ],
            "node_pool_defaults": [
              {
                "node_config_defaults": [
                  {
                    "logging_variant": "DEFAULT"
                  }
                ]
              }
            ],
            "node_version": "1.24.9-gke.3200",
            "notification_config": [
              {
                "pubsub": [
                  {
                    "enabled": false,
                    "filter": [],
                    "topic": ""
                  }
                ]
              }
            ],
            "operation": null,
            "private_cluster_config": [
              {
                "enable_private_endpoint": false,
                "enable_private_nodes": false,
                "master_global_access_config": [
                  {
                    "enabled": false
                  }
                ],
                "master_ipv4_cidr_block": "",
                "peering_name": "",
                "private_endpoint": "10.128.0.2",
                "private_endpoint_subnetwork": "",
                "public_endpoint": "34.68.208.120"
              }
            ],
            "private_ipv6_google_access": "",
            "project": "i4t-task-by-chathushka-rodrigo",
            "release_channel": [
              {
                "channel": "REGULAR"
              }
            ],
            "remove_default_node_pool": null,
            "resource_labels": {},
            "resource_usage_export_config": [],
            "self_link": "https://container.googleapis.com/v1/projects/i4t-task-by-chathushka-rodrigo/zones/us-central1-c/clusters/i4t-cluster",
            "service_external_ips_config": [
              {
                "enabled": false
              }
            ],
            "services_ipv4_cidr": "10.68.0.0/20",
            "subnetwork": "projects/i4t-task-by-chathushka-rodrigo/regions/us-central1/subnetworks/default",
            "tpu_ipv4_cidr_block": "",
            "vertical_pod_autoscaling": [],
            "workload_identity_config": []
          },
          "sensitive_attributes": []
        }
      ]
    },
    {
      "mode": "managed",
      "type": "google_compute_address",
      "name": "nginx",
      "provider": "provider[\"registry.terraform.io/hashicorp/google\"]",
      "instances": [
        {
          "schema_version": 0,
          "attributes": {
            "address": "34.132.200.93",
            "address_type": "EXTERNAL",
            "creation_timestamp": "2023-03-29T04:12:07.243-07:00",
            "description": "",
            "id": "projects/i4t-task-by-chathushka-rodrigo/regions/us-central1/addresses/nginx",
            "name": "nginx",
            "network": "",
            "network_tier": "PREMIUM",
            "prefix_length": 0,
            "project": "i4t-task-by-chathushka-rodrigo",
            "purpose": "",
            "region": "us-central1",
            "self_link": "https://www.googleapis.com/compute/v1/projects/i4t-task-by-chathushka-rodrigo/regions/us-central1/addresses/nginx",
            "subnetwork": "",
            "timeouts": null,
            "users": []
          },
          "sensitive_attributes": [],
          "private": "eyJlMmJmYjczMC1lY2FhLTExZTYtOGY4OC0zNDM2M2JjN2M0YzAiOnsiY3JlYXRlIjoxMjAwMDAwMDAwMDAwLCJkZWxldGUiOjEyMDAwMDAwMDAwMDB9fQ=="
        }
      ]
    }
  ],
  "check_results": null
}
