{
  "version": 4,
  "terraform_version": "1.3.8",
  "serial": 21,
  "lineage": "4e4c09a9-5773-fc73-42c4-5039144a8b44",
  "outputs": {
    "kubernetes_api_endpoint": {
      "value": "34.31.31.13",
      "type": "string"
    }
  },
  "resources": [
    {
      "mode": "managed",
      "type": "google_container_cluster",
      "name": "gke_cluster",
      "provider": "provider[\"registry.terraform.io/hashicorp/google\"]",
      "instances": [
        {
          "schema_version": 1,
          "attributes": {
            "addons_config": [
              {
                "cloudrun_config": [],
                "config_connector_config": [],
                "dns_cache_config": [],
                "gce_persistent_disk_csi_driver_config": [
                  {
                    "enabled": true
                  }
                ],
                "gcp_filestore_csi_driver_config": [],
                "gke_backup_agent_config": [],
                "horizontal_pod_autoscaling": [],
                "http_load_balancing": [],
                "network_policy_config": [
                  {
                    "disabled": true
                  }
                ]
              }
            ],
            "authenticator_groups_config": [],
            "binary_authorization": [
              {
                "enabled": false,
                "evaluation_mode": ""
              }
            ],
            "cluster_autoscaling": [
              {
                "auto_provisioning_defaults": [],
                "enabled": false,
                "resource_limits": []
              }
            ],
            "cluster_ipv4_cidr": "10.0.0.0/14",
            "confidential_nodes": [],
            "cost_management_config": [],
            "database_encryption": [
              {
                "key_name": "",
                "state": "DECRYPTED"
              }
            ],
            "datapath_provider": "",
            "default_max_pods_per_node": null,
            "default_snat_status": [
              {
                "disabled": false
              }
            ],
            "description": "",
            "dns_config": [],
            "enable_autopilot": false,
            "enable_binary_authorization": false,
            "enable_intranode_visibility": false,
            "enable_kubernetes_alpha": false,
            "enable_l4_ilb_subsetting": false,
            "enable_legacy_abac": false,
            "enable_shielded_nodes": true,
            "enable_tpu": false,
            "endpoint": "34.31.31.13",
            "gateway_api_config": [],
            "id": "projects/i4t-task-by-chathushka-rodrigo/locations/us-central1/clusters/i4t-cluster2",
            "initial_node_count": 1,
            "ip_allocation_policy": [],
            "label_fingerprint": "a9dc16a7",
            "location": "us-central1",
            "logging_config": [
              {
                "enable_components": [
                  "SYSTEM_COMPONENTS",
                  "WORKLOADS"
                ]
              }
            ],
            "logging_service": "logging.googleapis.com/kubernetes",
            "maintenance_policy": [],
            "master_auth": [
              {
                "client_certificate": "",
                "client_certificate_config": [
                  {
                    "issue_client_certificate": false
                  }
                ],
                "client_key": "",
                "cluster_ca_certificate": "LS0tLS1CRUdJTiBDRVJUSUZJQ0FURS0tLS0tCk1JSUVMRENDQXBTZ0F3SUJBZ0lRRGIzN21iNTVlc2s2MVBlVGdWRkFxVEFOQmdrcWhraUc5dzBCQVFzRkFEQXYKTVMwd0t3WURWUVFERXlRd09EUXlObUl3WVMwMk0yVmlMVFJsTkdFdFlqazJPQzAwTkRJMll6SmtabVpqWkRNdwpJQmNOTWpNd016STVNVFF4TVRJNFdoZ1BNakExTXpBek1qRXhOVEV4TWpoYU1DOHhMVEFyQmdOVkJBTVRKREE0Ck5ESTJZakJoTFRZelpXSXROR1UwWVMxaU9UWTRMVFEwTWpaak1tUm1abU5rTXpDQ0FhSXdEUVlKS29aSWh2Y04KQVFFQkJRQURnZ0dQQURDQ0FZb0NnZ0dCQUtNOGtJVndmcGZSSytyQVUzVFhyNkEwdDQ4Y1Q4eEpmeWgrQllsSgpvenZkdlgvekhkdkwzVlMxNkd1eXRnelg1RjltTkhWR0lTek9wa1k3QmdRYXVFd0Q2d2hKTHhnRHNSU2IwTEJMCmIycm5zbWF1UmVtbjJTM0phbVlPMjB3L01EVGp4aFIyZXFFYjVmaUE5bnAxd2pqQUJqVFBCNFhDZlZqYzM0djgKcSt2cXl0d0ppTUIvMTdRaUg2cndJaERZRjVXS2xPdVJZUzNYQmNpdWNXTDVVQW1zV2FYbXNZQkpIcG5NS0I2bgpNc1JDNkJzdHlMTkJiTXE0QTNLR2tTSmRNcmd6aTQ4RnY4bGRqSGp4Z1lOOGdJaXk0Z3R3N2ZLQy9CN2wxSjZNClVEUTFsbDZCTXcwOHIwd0ozSjZkM2hBSnQzVGlTL2NJTVFaM0NKSHN5QnZOZ2VXTVFsTVprRmx0ZE53ajBvQzEKeWxGQVYvNDZKK3o4MWVoQXhLeVlRRVNidFhPZW5Fc0V4MHhVSlVYc3E5RDlnaEh3L3U1LzF6RDcxdUhEenVlRQpqR09OWEY1aTMwaFVLMXJ1ZWN2QjF5cFFZY3hkZTZLVFBGVmRwcWRleGg2QS8yTUw2SlQ0cFZwdHNzY3dIVG1TCmJBYW9QTzJXYm93bElqK1dWRVBqTFhiMGV3SURBUUFCbzBJd1FEQU9CZ05WSFE4QkFmOEVCQU1DQWdRd0R3WUQKVlIwVEFRSC9CQVV3QXdFQi96QWRCZ05WSFE0RUZnUVU5OFA3a2IzekI1NXRpTlFyeGtXbDhnUWF1L1V3RFFZSgpLb1pJaHZjTkFRRUxCUUFEZ2dHQkFHaGE0LzBLMzU4d0RDWVpPTWhMZlNQUVVTdmVodi9TR0QvazRORHh4MFhPCnlqZEFWR2pkbnYyQ2lRN1RhRkJtS2ZqRTlJSmxuTEhabU9wZngxS2hjZjg3Q3R0ZitHVGxGNDBlSTJFS1ZLQ0EKYmpxVFp2TVR4TzZMcldNTjdNamZuU3BBYmN0WjdVb3NVcmxHSGFxTFhuNTczM1RFUmlXTVlDakVMUEZWTkdGNApFSWxMb2p4b2RMMFZEL1FMbmZYT0RDTmExb1hwQU1aYnZ2Y3JpSWF4MmhhaXJDbjhlc2UwVmhZaGJveU1PWnVxCmdzZ0NnQU5xZUhCZy9YOC9rSmZaZ0JGV05nTTM4d0Z4c1NIcDdBbnI0UXVwbTBoaGlJNlF4WURMNGdiR05MV3cKT2tySE01WkFWaE1Ja1gzc0pKRU9QcjN2akIvcFg2a2dUNjRtc292QjV4YmpCVHFQZFhUbm9lUjZLbW9mNGIxawozc1VyZ1o4Mmd6dk4rK0I1Z1htZm5WWHBkTitQZnM4MUpWU2VPd2FZTFFTZUdKMXlSb1h5ZUp6Y3NzeDdqekJoCjhRR2Jpa0JqWXpMcG9xdTNDbXpibmlkL0VJSXhOUjlKK2NxUG9WbzZndHlVS05IZCsybDZnaElTVlQrNXpSTnIKZ3ZsL2VyRUsycXF4U0JiRnNnSzJQUT09Ci0tLS0tRU5EIENFUlRJRklDQVRFLS0tLS0K"
              }
            ],
            "master_authorized_networks_config": [],
            "master_version": "1.24.9-gke.3200",
            "mesh_certificates": [],
            "min_master_version": null,
            "monitoring_config": [
              {
                "enable_components": [
                  "SYSTEM_COMPONENTS"
                ],
                "managed_prometheus": []
              }
            ],
            "monitoring_service": "monitoring.googleapis.com/kubernetes",
            "name": "i4t-cluster2",
            "network": "projects/i4t-task-by-chathushka-rodrigo/global/networks/default",
            "network_policy": [
              {
                "enabled": false,
                "provider": "PROVIDER_UNSPECIFIED"
              }
            ],
            "networking_mode": "ROUTES",
            "node_config": [
              {
                "boot_disk_kms_key": "",
                "disk_size_gb": 100,
                "disk_type": "pd-balanced",
                "gcfs_config": [],
                "guest_accelerator": [],
                "gvnic": [],
                "image_type": "COS_CONTAINERD",
                "kubelet_config": [],
                "labels": {},
                "linux_node_config": [],
                "local_nvme_ssd_block_config": [],
                "local_ssd_count": 0,
                "logging_variant": "DEFAULT",
                "machine_type": "e2-medium",
                "metadata": {
                  "disable-legacy-endpoints": "true"
                },
                "min_cpu_platform": "",
                "node_group": "",
                "oauth_scopes": [
                  "https://www.googleapis.com/auth/devstorage.read_only",
                  "https://www.googleapis.com/auth/logging.write",
                  "https://www.googleapis.com/auth/monitoring",
                  "https://www.googleapis.com/auth/service.management.readonly",
                  "https://www.googleapis.com/auth/servicecontrol",
                  "https://www.googleapis.com/auth/trace.append"
                ],
                "preemptible": false,
                "reservation_affinity": [],
                "resource_labels": null,
                "service_account": "default",
                "shielded_instance_config": [
                  {
                    "enable_integrity_monitoring": true,
                    "enable_secure_boot": false
                  }
                ],
                "spot": false,
                "tags": null,
                "taint": [],
                "workload_metadata_config": []
              }
            ],
            "node_locations": [
              "us-central1-a",
              "us-central1-b",
              "us-central1-f"
            ],
            "node_pool": [
              {
                "autoscaling": [],
                "initial_node_count": 1,
                "instance_group_urls": [
                  "https://www.googleapis.com/compute/v1/projects/i4t-task-by-chathushka-rodrigo/zones/us-central1-f/instanceGroupManagers/gke-i4t-cluster2-default-pool-e82b9f7d-grp",
                  "https://www.googleapis.com/compute/v1/projects/i4t-task-by-chathushka-rodrigo/zones/us-central1-a/instanceGroupManagers/gke-i4t-cluster2-default-pool-9a9d404e-grp",
                  "https://www.googleapis.com/compute/v1/projects/i4t-task-by-chathushka-rodrigo/zones/us-central1-b/instanceGroupManagers/gke-i4t-cluster2-default-pool-c62861ab-grp"
                ],
                "managed_instance_group_urls": [
                  "https://www.googleapis.com/compute/v1/projects/i4t-task-by-chathushka-rodrigo/zones/us-central1-f/instanceGroups/gke-i4t-cluster2-default-pool-e82b9f7d-grp",
                  "https://www.googleapis.com/compute/v1/projects/i4t-task-by-chathushka-rodrigo/zones/us-central1-a/instanceGroups/gke-i4t-cluster2-default-pool-9a9d404e-grp",
                  "https://www.googleapis.com/compute/v1/projects/i4t-task-by-chathushka-rodrigo/zones/us-central1-b/instanceGroups/gke-i4t-cluster2-default-pool-c62861ab-grp"
                ],
                "management": [
                  {
                    "auto_repair": true,
                    "auto_upgrade": true
                  }
                ],
                "max_pods_per_node": 0,
                "name": "default-pool",
                "name_prefix": "",
                "network_config": [
                  {
                    "create_pod_range": false,
                    "enable_private_nodes": false,
                    "pod_ipv4_cidr_block": "",
                    "pod_range": ""
                  }
                ],
                "node_config": [
                  {
                    "boot_disk_kms_key": "",
                    "disk_size_gb": 100,
                    "disk_type": "pd-balanced",
                    "gcfs_config": [],
                    "guest_accelerator": [],
                    "gvnic": [],
                    "image_type": "COS_CONTAINERD",
                    "kubelet_config": [],
                    "labels": {},
                    "linux_node_config": [],
                    "local_nvme_ssd_block_config": [],
                    "local_ssd_count": 0,
                    "logging_variant": "DEFAULT",
                    "machine_type": "e2-medium",
                    "metadata": {
                      "disable-legacy-endpoints": "true"
                    },
                    "min_cpu_platform": "",
                    "node_group": "",
                    "oauth_scopes": [
                      "https://www.googleapis.com/auth/devstorage.read_only",
                      "https://www.googleapis.com/auth/logging.write",
                      "https://www.googleapis.com/auth/monitoring",
                      "https://www.googleapis.com/auth/service.management.readonly",
                      "https://www.googleapis.com/auth/servicecontrol",
                      "https://www.googleapis.com/auth/trace.append"
                    ],
                    "preemptible": false,
                    "reservation_affinity": [],
                    "resource_labels": {},
                    "service_account": "default",
                    "shielded_instance_config": [
                      {
                        "enable_integrity_monitoring": true,
                        "enable_secure_boot": false
                      }
                    ],
                    "spot": false,
                    "tags": [],
                    "taint": [],
                    "workload_metadata_config": []
                  }
                ],
                "node_count": 1,
                "node_locations": [
                  "us-central1-a",
                  "us-central1-b",
                  "us-central1-f"
                ],
                "placement_policy": [],
                "upgrade_settings": [
                  {
                    "blue_green_settings": [],
                    "max_surge": 1,
                    "max_unavailable": 0,
                    "strategy": "SURGE"
                  }
                ],
                "version": "1.24.9-gke.3200"
              }
            ],
            "node_pool_defaults": [
              {
                "node_config_defaults": [
                  {
                    "logging_variant": "DEFAULT"
                  }
                ]
              }
            ],
            "node_version": "1.24.9-gke.3200",
            "notification_config": [
              {
                "pubsub": [
                  {
                    "enabled": false,
                    "filter": [],
                    "topic": ""
                  }
                ]
              }
            ],
            "operation": null,
            "private_cluster_config": [
              {
                "enable_private_endpoint": false,
                "enable_private_nodes": false,
                "master_global_access_config": [
                  {
                    "enabled": false
                  }
                ],
                "master_ipv4_cidr_block": "",
                "peering_name": "",
                "private_endpoint": "10.128.0.12",
                "private_endpoint_subnetwork": "",
                "public_endpoint": "34.31.31.13"
              }
            ],
            "private_ipv6_google_access": "",
            "project": "i4t-task-by-chathushka-rodrigo",
            "release_channel": [
              {
                "channel": "REGULAR"
              }
            ],
            "remove_default_node_pool": null,
            "resource_labels": null,
            "resource_usage_export_config": [],
            "self_link": "https://container.googleapis.com/v1/projects/i4t-task-by-chathushka-rodrigo/locations/us-central1/clusters/i4t-cluster2",
            "service_external_ips_config": [
              {
                "enabled": false
              }
            ],
            "services_ipv4_cidr": "10.3.240.0/20",
            "subnetwork": "projects/i4t-task-by-chathushka-rodrigo/regions/us-central1/subnetworks/default",
            "timeouts": null,
            "tpu_ipv4_cidr_block": "",
            "vertical_pod_autoscaling": [],
            "workload_identity_config": []
          },
          "sensitive_attributes": [],
          "private": "eyJlMmJmYjczMC1lY2FhLTExZTYtOGY4OC0zNDM2M2JjN2M0YzAiOnsiY3JlYXRlIjoyNDAwMDAwMDAwMDAwLCJkZWxldGUiOjI0MDAwMDAwMDAwMDAsInJlYWQiOjI0MDAwMDAwMDAwMDAsInVwZGF0ZSI6MzYwMDAwMDAwMDAwMH0sInNjaGVtYV92ZXJzaW9uIjoiMSJ9"
        }
      ]
    }
  ],
  "check_results": null
}
